{
	"name": "mk_nodes",
	"version": "1.0",
	"lockfileVersion": 2,
	"requires": true,
	"packages": {
		"": {
			"name": "mk_nodes",
			"version": "1.0",
			"dependencies": {
				"@types/prettier": "^2.6.4",
				"prettier": "^2.7.1",
				"vue": "^3.2.33"
			},
			"devDependencies": {
				"@types/node": "^17.0.31"
			}
		},
		"node_modules/@babel/parser": {
			"version": "7.18.0",
			"resolved": "https://registry.npmjs.org/@babel/parser/-/parser-7.18.0.tgz",
			"integrity": "sha512-AqDccGC+m5O/iUStSJy3DGRIUFu7WbY/CppZYwrEUB4N0tZlnI8CSTsgL7v5fHVFmUbRv2sd+yy27o8Ydt4MGg==",
			"bin": {
				"parser": "bin/babel-parser.js"
			},
			"engines": {
				"node": ">=6.0.0"
			}
		},
		"node_modules/@types/node": {
			"version": "17.0.35",
			"resolved": "https://registry.npmjs.org/@types/node/-/node-17.0.35.tgz",
			"integrity": "sha512-vu1SrqBjbbZ3J6vwY17jBs8Sr/BKA+/a/WtjRG+whKg1iuLFOosq872EXS0eXWILdO36DHQQeku/ZcL6hz2fpg==",
			"dev": true
		},
		"node_modules/@types/prettier": {
			"version": "2.6.4",
			"resolved": "https://registry.npmjs.org/@types/prettier/-/prettier-2.6.4.tgz",
			"integrity": "sha512-fOwvpvQYStpb/zHMx0Cauwywu9yLDmzWiiQBC7gJyq5tYLUXFZvDG7VK1B7WBxxjBJNKFOZ0zLoOQn8vmATbhw=="
		},
		"node_modules/@vue/compiler-core": {
			"version": "3.2.35",
			"resolved": "https://registry.npmjs.org/@vue/compiler-core/-/compiler-core-3.2.35.tgz",
			"integrity": "sha512-1Mtmh8ceVUoUsn/PME5oM+Dus648rCeV/fBaZ4ERLFbTHBJXj6QmDPrSn9mfEyPDXE0RYIwyJNn884NdWK+Yiw==",
			"dependencies": {
				"@babel/parser": "^7.16.4",
				"@vue/shared": "3.2.35",
				"estree-walker": "^2.0.2",
				"source-map": "^0.6.1"
			}
		},
		"node_modules/@vue/compiler-dom": {
			"version": "3.2.35",
			"resolved": "https://registry.npmjs.org/@vue/compiler-dom/-/compiler-dom-3.2.35.tgz",
			"integrity": "sha512-I4bXB9MkRSTJ3gVXRQ4iaYJgABZGew+K/CCBoAh9fdLaeY7A7uUlS5nWGOlICSVfOH0/xk4QlcXeGZYCJkEleA==",
			"dependencies": {
				"@vue/compiler-core": "3.2.35",
				"@vue/shared": "3.2.35"
			}
		},
		"node_modules/@vue/compiler-sfc": {
			"version": "3.2.35",
			"resolved": "https://registry.npmjs.org/@vue/compiler-sfc/-/compiler-sfc-3.2.35.tgz",
			"integrity": "sha512-2wKQtnuHfwBFc7uV2Cmtms3Cc7u/u6kKJI3F+i0A+9xnuahK39cCMNJKHzI9x93Xai+uft64fDc5JSh8zDQBQA==",
			"dependencies": {
				"@babel/parser": "^7.16.4",
				"@vue/compiler-core": "3.2.35",
				"@vue/compiler-dom": "3.2.35",
				"@vue/compiler-ssr": "3.2.35",
				"@vue/reactivity-transform": "3.2.35",
				"@vue/shared": "3.2.35",
				"estree-walker": "^2.0.2",
				"magic-string": "^0.25.7",
				"postcss": "^8.1.10",
				"source-map": "^0.6.1"
			}
		},
		"node_modules/@vue/compiler-ssr": {
			"version": "3.2.35",
			"resolved": "https://registry.npmjs.org/@vue/compiler-ssr/-/compiler-ssr-3.2.35.tgz",
			"integrity": "sha512-dJyqB8fZbvVQEnWl5VGxkWHTqx0ERnZXXqInFzyOX8FpTEidmQbUSmDrXidea7bZTdeg6ly94kZFGPYXT29mgQ==",
			"dependencies": {
				"@vue/compiler-dom": "3.2.35",
				"@vue/shared": "3.2.35"
			}
		},
		"node_modules/@vue/reactivity": {
			"version": "3.2.35",
			"resolved": "https://registry.npmjs.org/@vue/reactivity/-/reactivity-3.2.35.tgz",
			"integrity": "sha512-6j9N9R1SwHVcJas4YqAzwdRS/cgmj3Z9aUert5Mv1jk5B9H9ivN/zot/fgMUbseWXigkkmX60OsfRbz49o8kCw==",
			"dependencies": {
				"@vue/shared": "3.2.35"
			}
		},
		"node_modules/@vue/reactivity-transform": {
			"version": "3.2.35",
			"resolved": "https://registry.npmjs.org/@vue/reactivity-transform/-/reactivity-transform-3.2.35.tgz",
			"integrity": "sha512-VjdQU4nIrgsh1iPqAdYZufWgFqdH9fIl6ttO2PCFlLsrQl7b8BcuawM6moSBLF8damBzSNcqvbvQDBhsI3fyVQ==",
			"dependencies": {
				"@babel/parser": "^7.16.4",
				"@vue/compiler-core": "3.2.35",
				"@vue/shared": "3.2.35",
				"estree-walker": "^2.0.2",
				"magic-string": "^0.25.7"
			}
		},
		"node_modules/@vue/runtime-core": {
			"version": "3.2.35",
			"resolved": "https://registry.npmjs.org/@vue/runtime-core/-/runtime-core-3.2.35.tgz",
			"integrity": "sha512-P8AeGPRGyIiYdOdvLc/7KR8VSdbUGG8Jxdx6Xlj5okEjyV9IYxeHRIQIoye85K0lZXBH4zuh1syD1mX+oZ0KqQ==",
			"dependencies": {
				"@vue/reactivity": "3.2.35",
				"@vue/shared": "3.2.35"
			}
		},
		"node_modules/@vue/runtime-dom": {
			"version": "3.2.35",
			"resolved": "https://registry.npmjs.org/@vue/runtime-dom/-/runtime-dom-3.2.35.tgz",
			"integrity": "sha512-M5xrVJ/b0KqssjPQMdpwLp3KwzG1Tn2w/IrOptVqGY5c9fEBluIbm18AeO4Fr3YxfeyaPWm1rY8POrEso0UE3w==",
			"dependencies": {
				"@vue/runtime-core": "3.2.35",
				"@vue/shared": "3.2.35",
				"csstype": "^2.6.8"
			}
		},
		"node_modules/@vue/server-renderer": {
			"version": "3.2.35",
			"resolved": "https://registry.npmjs.org/@vue/server-renderer/-/server-renderer-3.2.35.tgz",
			"integrity": "sha512-ZMF8V+bZ0EIjSB7yzPEmDlxRDOIXj04iqG4Rw/H5rIuBCf0b7rNTleiOldlX5haG++zUq6uiL2AVp/A9uyz+cw==",
			"dependencies": {
				"@vue/compiler-ssr": "3.2.35",
				"@vue/shared": "3.2.35"
			},
			"peerDependencies": {
				"vue": "3.2.35"
			}
		},
		"node_modules/@vue/shared": {
			"version": "3.2.35",
			"resolved": "https://registry.npmjs.org/@vue/shared/-/shared-3.2.35.tgz",
			"integrity": "sha512-/sxDqMcy0MsfQ3LQixKYDxIinDYNy1dXTsF2Am0pv0toImWabymFQ8cFmPJnPt+gh5ElKwwn7KzQcDbLHar60A=="
		},
		"node_modules/csstype": {
			"version": "2.6.20",
			"resolved": "https://registry.npmjs.org/csstype/-/csstype-2.6.20.tgz",
			"integrity": "sha512-/WwNkdXfckNgw6S5R125rrW8ez139lBHWouiBvX8dfMFtcn6V81REDqnH7+CRpRipfYlyU1CmOnOxrmGcFOjeA=="
		},
		"node_modules/estree-walker": {
			"version": "2.0.2",
			"resolved": "https://registry.npmjs.org/estree-walker/-/estree-walker-2.0.2.tgz",
			"integrity": "sha512-Rfkk/Mp/DL7JVje3u18FxFujQlTNR2q6QfMSMB7AvCBx91NGj/ba3kCfza0f6dVDbw7YlRf/nDrn7pQrCCyQ/w=="
		},
		"node_modules/magic-string": {
			"version": "0.25.9",
			"resolved": "https://registry.npmjs.org/magic-string/-/magic-string-0.25.9.tgz",
			"integrity": "sha512-RmF0AsMzgt25qzqqLc1+MbHmhdx0ojF2Fvs4XnOqz2ZOBXzzkEwc/dJQZCYHAn7v1jbVOjAZfK8msRn4BxO4VQ==",
			"dependencies": {
				"sourcemap-codec": "^1.4.8"
			}
		},
		"node_modules/nanoid": {
			"version": "3.3.4",
			"resolved": "https://registry.npmjs.org/nanoid/-/nanoid-3.3.4.tgz",
			"integrity": "sha512-MqBkQh/OHTS2egovRtLk45wEyNXwF+cokD+1YPf9u5VfJiRdAiRwB2froX5Co9Rh20xs4siNPm8naNotSD6RBw==",
			"bin": {
				"nanoid": "bin/nanoid.cjs"
			},
			"engines": {
				"node": "^10 || ^12 || ^13.7 || ^14 || >=15.0.1"
			}
		},
		"node_modules/picocolors": {
			"version": "1.0.0",
			"resolved": "https://registry.npmjs.org/picocolors/-/picocolors-1.0.0.tgz",
			"integrity": "sha512-1fygroTLlHu66zi26VoTDv8yRgm0Fccecssto+MhsZ0D/DGW2sm8E8AjW7NU5VVTRt5GxbeZ5qBuJr+HyLYkjQ=="
		},
		"node_modules/postcss": {
			"version": "8.4.14",
			"resolved": "https://registry.npmjs.org/postcss/-/postcss-8.4.14.tgz",
			"integrity": "sha512-E398TUmfAYFPBSdzgeieK2Y1+1cpdxJx8yXbK/m57nRhKSmk1GB2tO4lbLBtlkfPQTDKfe4Xqv1ASWPpayPEig==",
			"funding": [
				{
					"type": "opencollective",
					"url": "https://opencollective.com/postcss/"
				},
				{
					"type": "tidelift",
					"url": "https://tidelift.com/funding/github/npm/postcss"
				}
			],
			"dependencies": {
				"nanoid": "^3.3.4",
				"picocolors": "^1.0.0",
				"source-map-js": "^1.0.2"
			},
			"engines": {
				"node": "^10 || ^12 || >=14"
			}
		},
		"node_modules/prettier": {
			"version": "2.7.1",
			"resolved": "https://registry.npmjs.org/prettier/-/prettier-2.7.1.tgz",
			"integrity": "sha512-ujppO+MkdPqoVINuDFDRLClm7D78qbDt0/NR+wp5FqEZOoTNAjPHWj17QRhu7geIHJfcNhRk1XVQmF8Bp3ye+g==",
			"bin": {
				"prettier": "bin-prettier.js"
			},
			"engines": {
				"node": ">=10.13.0"
			},
			"funding": {
				"url": "https://github.com/prettier/prettier?sponsor=1"
			}
		},
		"node_modules/source-map": {
			"version": "0.6.1",
			"resolved": "https://registry.npmjs.org/source-map/-/source-map-0.6.1.tgz",
			"integrity": "sha512-UjgapumWlbMhkBgzT7Ykc5YXUT46F0iKu8SGXq0bcwP5dz/h0Plj6enJqjz1Zbq2l5WaqYnrVbwWOWMyF3F47g==",
			"engines": {
				"node": ">=0.10.0"
			}
		},
		"node_modules/source-map-js": {
			"version": "1.0.2",
			"resolved": "https://registry.npmjs.org/source-map-js/-/source-map-js-1.0.2.tgz",
			"integrity": "sha512-R0XvVJ9WusLiqTCEiGCmICCMplcCkIwwR11mOSD9CR5u+IXYdiseeEuXCVAjS54zqwkLcPNnmU4OeJ6tUrWhDw==",
			"engines": {
				"node": ">=0.10.0"
			}
		},
		"node_modules/sourcemap-codec": {
			"version": "1.4.8",
			"resolved": "https://registry.npmjs.org/sourcemap-codec/-/sourcemap-codec-1.4.8.tgz",
			"integrity": "sha512-9NykojV5Uih4lgo5So5dtw+f0JgJX30KCNI8gwhz2J9A15wD0Ml6tjHKwf6fTSa6fAdVBdZeNOs9eJ71qCk8vA=="
		},
		"node_modules/vue": {
			"version": "3.2.35",
			"resolved": "https://registry.npmjs.org/vue/-/vue-3.2.35.tgz",
			"integrity": "sha512-mc/15B0Wjd/4JMMGOcXUQAeXfjyg8MImA2EVZucNdyDPJe1nXhMNbYXOEVPEGfk/mCeyszCzl44dSAhHhQVH8g==",
			"dependencies": {
				"@vue/compiler-dom": "3.2.35",
				"@vue/compiler-sfc": "3.2.35",
				"@vue/runtime-dom": "3.2.35",
				"@vue/server-renderer": "3.2.35",
				"@vue/shared": "3.2.35"
			}
		}
	},
	"dependencies": {
		"@babel/parser": {
			"version": "7.18.0",
			"resolved": "https://registry.npmjs.org/@babel/parser/-/parser-7.18.0.tgz",
			"integrity": "sha512-AqDccGC+m5O/iUStSJy3DGRIUFu7WbY/CppZYwrEUB4N0tZlnI8CSTsgL7v5fHVFmUbRv2sd+yy27o8Ydt4MGg=="
		},
		"@types/node": {
			"version": "17.0.35",
			"resolved": "https://registry.npmjs.org/@types/node/-/node-17.0.35.tgz",
			"integrity": "sha512-vu1SrqBjbbZ3J6vwY17jBs8Sr/BKA+/a/WtjRG+whKg1iuLFOosq872EXS0eXWILdO36DHQQeku/ZcL6hz2fpg==",
			"dev": true
		},
		"@types/prettier": {
			"version": "2.6.4",
			"resolved": "https://registry.npmjs.org/@types/prettier/-/prettier-2.6.4.tgz",
			"integrity": "sha512-fOwvpvQYStpb/zHMx0Cauwywu9yLDmzWiiQBC7gJyq5tYLUXFZvDG7VK1B7WBxxjBJNKFOZ0zLoOQn8vmATbhw=="
		},
		"@vue/compiler-core": {
			"version": "3.2.35",
			"resolved": "https://registry.npmjs.org/@vue/compiler-core/-/compiler-core-3.2.35.tgz",
			"integrity": "sha512-1Mtmh8ceVUoUsn/PME5oM+Dus648rCeV/fBaZ4ERLFbTHBJXj6QmDPrSn9mfEyPDXE0RYIwyJNn884NdWK+Yiw==",
			"requires": {
				"@babel/parser": "^7.16.4",
				"@vue/shared": "3.2.35",
				"estree-walker": "^2.0.2",
				"source-map": "^0.6.1"
			}
		},
		"@vue/compiler-dom": {
			"version": "3.2.35",
			"resolved": "https://registry.npmjs.org/@vue/compiler-dom/-/compiler-dom-3.2.35.tgz",
			"integrity": "sha512-I4bXB9MkRSTJ3gVXRQ4iaYJgABZGew+K/CCBoAh9fdLaeY7A7uUlS5nWGOlICSVfOH0/xk4QlcXeGZYCJkEleA==",
			"requires": {
				"@vue/compiler-core": "3.2.35",
				"@vue/shared": "3.2.35"
			}
		},
		"@vue/compiler-sfc": {
			"version": "3.2.35",
			"resolved": "https://registry.npmjs.org/@vue/compiler-sfc/-/compiler-sfc-3.2.35.tgz",
			"integrity": "sha512-2wKQtnuHfwBFc7uV2Cmtms3Cc7u/u6kKJI3F+i0A+9xnuahK39cCMNJKHzI9x93Xai+uft64fDc5JSh8zDQBQA==",
			"requires": {
				"@babel/parser": "^7.16.4",
				"@vue/compiler-core": "3.2.35",
				"@vue/compiler-dom": "3.2.35",
				"@vue/compiler-ssr": "3.2.35",
				"@vue/reactivity-transform": "3.2.35",
				"@vue/shared": "3.2.35",
				"estree-walker": "^2.0.2",
				"magic-string": "^0.25.7",
				"postcss": "^8.1.10",
				"source-map": "^0.6.1"
			}
		},
		"@vue/compiler-ssr": {
			"version": "3.2.35",
			"resolved": "https://registry.npmjs.org/@vue/compiler-ssr/-/compiler-ssr-3.2.35.tgz",
			"integrity": "sha512-dJyqB8fZbvVQEnWl5VGxkWHTqx0ERnZXXqInFzyOX8FpTEidmQbUSmDrXidea7bZTdeg6ly94kZFGPYXT29mgQ==",
			"requires": {
				"@vue/compiler-dom": "3.2.35",
				"@vue/shared": "3.2.35"
			}
		},
		"@vue/reactivity": {
			"version": "3.2.35",
			"resolved": "https://registry.npmjs.org/@vue/reactivity/-/reactivity-3.2.35.tgz",
			"integrity": "sha512-6j9N9R1SwHVcJas4YqAzwdRS/cgmj3Z9aUert5Mv1jk5B9H9ivN/zot/fgMUbseWXigkkmX60OsfRbz49o8kCw==",
			"requires": {
				"@vue/shared": "3.2.35"
			}
		},
		"@vue/reactivity-transform": {
			"version": "3.2.35",
			"resolved": "https://registry.npmjs.org/@vue/reactivity-transform/-/reactivity-transform-3.2.35.tgz",
			"integrity": "sha512-VjdQU4nIrgsh1iPqAdYZufWgFqdH9fIl6ttO2PCFlLsrQl7b8BcuawM6moSBLF8damBzSNcqvbvQDBhsI3fyVQ==",
			"requires": {
				"@babel/parser": "^7.16.4",
				"@vue/compiler-core": "3.2.35",
				"@vue/shared": "3.2.35",
				"estree-walker": "^2.0.2",
				"magic-string": "^0.25.7"
			}
		},
		"@vue/runtime-core": {
			"version": "3.2.35",
			"resolved": "https://registry.npmjs.org/@vue/runtime-core/-/runtime-core-3.2.35.tgz",
			"integrity": "sha512-P8AeGPRGyIiYdOdvLc/7KR8VSdbUGG8Jxdx6Xlj5okEjyV9IYxeHRIQIoye85K0lZXBH4zuh1syD1mX+oZ0KqQ==",
			"requires": {
				"@vue/reactivity": "3.2.35",
				"@vue/shared": "3.2.35"
			}
		},
		"@vue/runtime-dom": {
			"version": "3.2.35",
			"resolved": "https://registry.npmjs.org/@vue/runtime-dom/-/runtime-dom-3.2.35.tgz",
			"integrity": "sha512-M5xrVJ/b0KqssjPQMdpwLp3KwzG1Tn2w/IrOptVqGY5c9fEBluIbm18AeO4Fr3YxfeyaPWm1rY8POrEso0UE3w==",
			"requires": {
				"@vue/runtime-core": "3.2.35",
				"@vue/shared": "3.2.35",
				"csstype": "^2.6.8"
			}
		},
		"@vue/server-renderer": {
			"version": "3.2.35",
			"resolved": "https://registry.npmjs.org/@vue/server-renderer/-/server-renderer-3.2.35.tgz",
			"integrity": "sha512-ZMF8V+bZ0EIjSB7yzPEmDlxRDOIXj04iqG4Rw/H5rIuBCf0b7rNTleiOldlX5haG++zUq6uiL2AVp/A9uyz+cw==",
			"requires": {
				"@vue/compiler-ssr": "3.2.35",
				"@vue/shared": "3.2.35"
			}
		},
		"@vue/shared": {
			"version": "3.2.35",
			"resolved": "https://registry.npmjs.org/@vue/shared/-/shared-3.2.35.tgz",
			"integrity": "sha512-/sxDqMcy0MsfQ3LQixKYDxIinDYNy1dXTsF2Am0pv0toImWabymFQ8cFmPJnPt+gh5ElKwwn7KzQcDbLHar60A=="
		},
		"csstype": {
			"version": "2.6.20",
			"resolved": "https://registry.npmjs.org/csstype/-/csstype-2.6.20.tgz",
			"integrity": "sha512-/WwNkdXfckNgw6S5R125rrW8ez139lBHWouiBvX8dfMFtcn6V81REDqnH7+CRpRipfYlyU1CmOnOxrmGcFOjeA=="
		},
		"estree-walker": {
			"version": "2.0.2",
			"resolved": "https://registry.npmjs.org/estree-walker/-/estree-walker-2.0.2.tgz",
			"integrity": "sha512-Rfkk/Mp/DL7JVje3u18FxFujQlTNR2q6QfMSMB7AvCBx91NGj/ba3kCfza0f6dVDbw7YlRf/nDrn7pQrCCyQ/w=="
		},
		"magic-string": {
			"version": "0.25.9",
			"resolved": "https://registry.npmjs.org/magic-string/-/magic-string-0.25.9.tgz",
			"integrity": "sha512-RmF0AsMzgt25qzqqLc1+MbHmhdx0ojF2Fvs4XnOqz2ZOBXzzkEwc/dJQZCYHAn7v1jbVOjAZfK8msRn4BxO4VQ==",
			"requires": {
				"sourcemap-codec": "^1.4.8"
			}
		},
		"nanoid": {
			"version": "3.3.4",
			"resolved": "https://registry.npmjs.org/nanoid/-/nanoid-3.3.4.tgz",
			"integrity": "sha512-MqBkQh/OHTS2egovRtLk45wEyNXwF+cokD+1YPf9u5VfJiRdAiRwB2froX5Co9Rh20xs4siNPm8naNotSD6RBw=="
		},
		"picocolors": {
			"version": "1.0.0",
			"resolved": "https://registry.npmjs.org/picocolors/-/picocolors-1.0.0.tgz",
			"integrity": "sha512-1fygroTLlHu66zi26VoTDv8yRgm0Fccecssto+MhsZ0D/DGW2sm8E8AjW7NU5VVTRt5GxbeZ5qBuJr+HyLYkjQ=="
		},
		"postcss": {
			"version": "8.4.14",
			"resolved": "https://registry.npmjs.org/postcss/-/postcss-8.4.14.tgz",
			"integrity": "sha512-E398TUmfAYFPBSdzgeieK2Y1+1cpdxJx8yXbK/m57nRhKSmk1GB2tO4lbLBtlkfPQTDKfe4Xqv1ASWPpayPEig==",
			"requires": {
				"nanoid": "^3.3.4",
				"picocolors": "^1.0.0",
				"source-map-js": "^1.0.2"
			}
		},
		"prettier": {
			"version": "2.7.1",
			"resolved": "https://registry.npmjs.org/prettier/-/prettier-2.7.1.tgz",
			"integrity": "sha512-ujppO+MkdPqoVINuDFDRLClm7D78qbDt0/NR+wp5FqEZOoTNAjPHWj17QRhu7geIHJfcNhRk1XVQmF8Bp3ye+g=="
		},
		"source-map": {
			"version": "0.6.1",
			"resolved": "https://registry.npmjs.org/source-map/-/source-map-0.6.1.tgz",
			"integrity": "sha512-UjgapumWlbMhkBgzT7Ykc5YXUT46F0iKu8SGXq0bcwP5dz/h0Plj6enJqjz1Zbq2l5WaqYnrVbwWOWMyF3F47g=="
		},
		"source-map-js": {
			"version": "1.0.2",
			"resolved": "https://registry.npmjs.org/source-map-js/-/source-map-js-1.0.2.tgz",
			"integrity": "sha512-R0XvVJ9WusLiqTCEiGCmICCMplcCkIwwR11mOSD9CR5u+IXYdiseeEuXCVAjS54zqwkLcPNnmU4OeJ6tUrWhDw=="
		},
		"sourcemap-codec": {
			"version": "1.4.8",
			"resolved": "https://registry.npmjs.org/sourcemap-codec/-/sourcemap-codec-1.4.8.tgz",
			"integrity": "sha512-9NykojV5Uih4lgo5So5dtw+f0JgJX30KCNI8gwhz2J9A15wD0Ml6tjHKwf6fTSa6fAdVBdZeNOs9eJ71qCk8vA=="
		},
		"vue": {
			"version": "3.2.35",
			"resolved": "https://registry.npmjs.org/vue/-/vue-3.2.35.tgz",
			"integrity": "sha512-mc/15B0Wjd/4JMMGOcXUQAeXfjyg8MImA2EVZucNdyDPJe1nXhMNbYXOEVPEGfk/mCeyszCzl44dSAhHhQVH8g==",
			"requires": {
				"@vue/compiler-dom": "3.2.35",
				"@vue/compiler-sfc": "3.2.35",
				"@vue/runtime-dom": "3.2.35",
				"@vue/server-renderer": "3.2.35",
				"@vue/shared": "3.2.35"
			}
		}
	}
}
